# THIS IS AN AUTOGENERATED FILE. DO NOT EDIT THIS FILE DIRECTLY.
# yarn lockfile v1


duplexer@^0.1.1, duplexer@~0.1.1:
  version "0.1.1"
  resolved "http://registry.npm.taobao.org/duplexer/download/duplexer-0.1.1.tgz#ace6ff808c1ce66b57d1ebf97977acb02334cfc1"

event-stream@^4.0.1:
  version "4.0.1"
  resolved "http://registry.npm.taobao.org/event-stream/download/event-stream-4.0.1.tgz#4092808ec995d0dd75ea4580c1df6a74db2cde65"
  dependencies:
    duplexer "^0.1.1"
    from "^0.1.7"
    map-stream "0.0.7"
    pause-stream "^0.0.11"
    split "^1.0.1"
    stream-combiner "^0.2.2"
    through "^2.3.8"

from@^0.1.7:
  version "0.1.7"
  resolved "http://registry.npm.taobao.org/from/download/from-0.1.7.tgz#83c60afc58b9c56997007ed1a768b3ab303a44fe"

map-stream@0.0.7:
  version "0.0.7"
  resolved "http://registry.npm.taobao.org/map-stream/download/map-stream-0.0.7.tgz#8a1f07896d82b10926bd3744a2420009f88974a8"

minimist@^1.2.0:
  version "1.2.0"
  resolved "http://registry.npm.taobao.org/minimist/download/minimist-1.2.0.tgz#a35008b20f41383eec1fb914f4cd5df79a264284"

pause-stream@^0.0.11:
  version "0.0.11"
  resolved "http://registry.npm.taobao.org/pause-stream/download/pause-stream-0.0.11.tgz#fe5a34b0cbce12b5aa6a2b403ee2e73b602f1445"
  dependencies:
    through "~2.3"

split@^1.0.1:
  version "1.0.1"
  resolved "http://registry.npm.taobao.org/split/download/split-1.0.1.tgz#605bd9be303aa59fb35f9229fbea0ddec9ea07d9"
  dependencies:
    through "2"

stream-combiner@^0.2.2:
  version "0.2.2"
  resolved "http://registry.npm.taobao.org/stream-combiner/download/stream-combiner-0.2.2.tgz#aec8cbac177b56b6f4fa479ced8c1912cee52858"
  dependencies:
    duplexer "~0.1.1"
    through "~2.3.4"

through@2, through@^2.3.8, through@~2.3, through@~2.3.4:
  version "2.3.8"
  resolved "http://registry.npm.taobao.org/through/download/through-2.3.8.tgz#0dd4c9ffaabc357960b1b724115d7e0e86a2e1f5"
