# THIS IS AN AUTOGENERATED FILE. DO NOT EDIT THIS FILE DIRECTLY.
# yarn lockfile v1


accept@3.x.x:
  version "3.1.3"
  resolved "http://registry.npm.taobao.org/accept/download/accept-3.1.3.tgz#29c3e2b3a8f4eedbc2b690e472b9ebbdc7385e87"
  integrity sha1-KcPis6j07tvCtpDkcrnrvcc4Xoc=
  dependencies:
    boom "7.x.x"
    hoek "6.x.x"

ammo@3.x.x:
  version "3.0.3"
  resolved "http://registry.npm.taobao.org/ammo/download/ammo-3.0.3.tgz#502aafa9d8bfca264143e226e5f322716e746b0c"
  integrity sha1-UCqvqdi/yiZBQ+Im5fMicW50aww=
  dependencies:
    hoek "6.x.x"

b64@4.x.x:
  version "4.1.2"
  resolved "http://registry.npm.taobao.org/b64/download/b64-4.1.2.tgz#7015372ba8101f7fb18da070717a93c28c8580d8"
  integrity sha1-cBU3K6gQH3+xjaBwcXqTwoyFgNg=
  dependencies:
    hoek "6.x.x"

big-time@2.x.x:
  version "2.0.1"
  resolved "http://registry.npm.taobao.org/big-time/download/big-time-2.0.1.tgz#68c7df8dc30f97e953f25a67a76ac9713c16c9de"
  integrity sha1-aMffjcMPl+lT8lpnp2rJcTwWyd4=

boom@7.x.x:
  version "7.3.0"
  resolved "http://registry.npm.taobao.org/boom/download/boom-7.3.0.tgz#733a6d956d33b0b1999da3fe6c12996950d017b9"
  integrity sha1-czptlW0zsLGZnaP+bBKZaVDQF7k=
  dependencies:
    hoek "6.x.x"

bounce@1.x.x:
  version "1.2.3"
  resolved "http://registry.npm.taobao.org/bounce/download/bounce-1.2.3.tgz#2b286d36eb21d5f08fe672dd8cd37a109baad121"
  integrity sha1-KyhtNush1fCP5nLdjNN6EJuq0SE=
  dependencies:
    boom "7.x.x"
    hoek "6.x.x"

call@5.x.x:
  version "5.0.3"
  resolved "http://registry.npm.taobao.org/call/download/call-5.0.3.tgz#5dc82c698141c2d45c51a9c3c7e0697f43ac46a2"
  integrity sha1-XcgsaYFBwtRcUanDx+Bpf0OsRqI=
  dependencies:
    boom "7.x.x"
    hoek "6.x.x"

catbox-memory@3.x.x:
  version "3.1.4"
  resolved "http://registry.npm.taobao.org/catbox-memory/download/catbox-memory-3.1.4.tgz#114fd6da3b2630a5db2ff246db9ff2226148c2b0"
  integrity sha1-EU/W2jsmMKXbL/JG25/yImFIwrA=
  dependencies:
    big-time "2.x.x"
    boom "7.x.x"
    hoek "6.x.x"

catbox@10.x.x:
  version "10.0.6"
  resolved "http://registry.npm.taobao.org/catbox/download/catbox-10.0.6.tgz#d8d8dc3c36c965560539f94245904b229a8af428"
  integrity sha1-2NjcPDbJZVYFOflCRZBLIpqK9Cg=
  dependencies:
    boom "7.x.x"
    hoek "6.x.x"
    joi "14.x.x"

content@4.x.x:
  version "4.0.6"
  resolved "http://registry.npm.taobao.org/content/download/content-4.0.6.tgz#76ffd96c5cbccf64fe3923cbb9c48b8bc04b273e"
  integrity sha1-dv/ZbFy8z2T+OSPLucSLi8BLJz4=
  dependencies:
    boom "7.x.x"

cryptiles@4.x.x:
  version "4.1.3"
  resolved "http://registry.npm.taobao.org/cryptiles/download/cryptiles-4.1.3.tgz#2461d3390ea0b82c643a6ba79f0ed491b0934c25"
  integrity sha1-JGHTOQ6guCxkOmunnw7UkbCTTCU=
  dependencies:
    boom "7.x.x"

hapi@^17.8.1:
  version "17.8.1"
  resolved "http://registry.npm.taobao.org/hapi/download/hapi-17.8.1.tgz#63cc5bbc138b6ae0919e977764647a17556e4c87"
  integrity sha1-Y8xbvBOLauCRnpd3ZGR6F1VuTIc=
  dependencies:
    accept "3.x.x"
    ammo "3.x.x"
    boom "7.x.x"
    bounce "1.x.x"
    call "5.x.x"
    catbox "10.x.x"
    catbox-memory "3.x.x"
    heavy "6.x.x"
    hoek "6.x.x"
    joi "14.x.x"
    mimos "4.x.x"
    podium "3.x.x"
    shot "4.x.x"
    somever "2.x.x"
    statehood "6.x.x"
    subtext "6.x.x"
    teamwork "3.x.x"
    topo "3.x.x"

heavy@6.x.x:
  version "6.1.2"
  resolved "http://registry.npm.taobao.org/heavy/download/heavy-6.1.2.tgz#e5d56f18170a37b01d4381bc07fece5edc68520b"
  integrity sha1-5dVvGBcKN7AdQ4G8B/7OXtxoUgs=
  dependencies:
    boom "7.x.x"
    hoek "6.x.x"
    joi "14.x.x"

hoek@6.x.x:
  version "6.1.2"
  resolved "http://registry.npm.taobao.org/hoek/download/hoek-6.1.2.tgz#99e6d070561839de74ee427b61aa476bd6bddfd6"
  integrity sha1-mebQcFYYOd507kJ7YapHa9a939Y=

inert@^5.1.2:
  version "5.1.2"
  resolved "http://registry.npm.taobao.org/inert/download/inert-5.1.2.tgz#0c26f15bc22aae7af9c1f1a164bf867c58c5f4a6"
  integrity sha1-DCbxW8Iqrnr5wfGhZL+GfFjF9KY=
  dependencies:
    ammo "3.x.x"
    boom "7.x.x"
    bounce "1.x.x"
    hoek "6.x.x"
    joi "14.x.x"
    lru-cache "4.1.x"

iron@5.x.x:
  version "5.0.6"
  resolved "http://registry.npm.taobao.org/iron/download/iron-5.0.6.tgz#7121d4a6e3ac2f65e4d02971646fea1995434744"
  integrity sha1-cSHUpuOsL2Xk0ClxZG/qGZVDR0Q=
  dependencies:
    b64 "4.x.x"
    boom "7.x.x"
    cryptiles "4.x.x"
    hoek "6.x.x"

isemail@3.x.x:
  version "3.2.0"
  resolved "http://registry.npm.taobao.org/isemail/download/isemail-3.2.0.tgz#59310a021931a9fb06bbb51e155ce0b3f236832c"
  integrity sha1-WTEKAhkxqfsGu7UeFVzgs/I2gyw=
  dependencies:
    punycode "2.x.x"

joi@14.x.x:
  version "14.3.1"
  resolved "http://registry.npm.taobao.org/joi/download/joi-14.3.1.tgz#164a262ec0b855466e0c35eea2a885ae8b6c703c"
  integrity sha1-FkomLsC4VUZuDDXuoqiFrotscDw=
  dependencies:
    hoek "6.x.x"
    isemail "3.x.x"
    topo "3.x.x"

lru-cache@4.1.x:
  version "4.1.5"
  resolved "http://registry.npm.taobao.org/lru-cache/download/lru-cache-4.1.5.tgz#8bbe50ea85bed59bc9e33dcab8235ee9bcf443cd"
  integrity sha1-i75Q6oW+1ZvJ4z3KuCNe6bz0Q80=
  dependencies:
    pseudomap "^1.0.2"
    yallist "^2.1.2"

mime-db@1.x.x:
  version "1.37.0"
  resolved "http://registry.npm.taobao.org/mime-db/download/mime-db-1.37.0.tgz#0b6a0ce6fdbe9576e25f1f2d2fde8830dc0ad0d8"
  integrity sha1-C2oM5v2+lXbiXx8tL96IMNwK0Ng=

mimos@4.x.x:
  version "4.0.2"
  resolved "http://registry.npm.taobao.org/mimos/download/mimos-4.0.2.tgz#f2762d7c60118ce51c2231afa090bc335d21d0f8"
  integrity sha1-8nYtfGARjOUcIjGvoJC8M10h0Pg=
  dependencies:
    hoek "6.x.x"
    mime-db "1.x.x"

nigel@3.x.x:
  version "3.0.4"
  resolved "http://registry.npm.taobao.org/nigel/download/nigel-3.0.4.tgz#edcd82f2e9387fe34ba21e3127ae4891547c7945"
  integrity sha1-7c2C8uk4f+NLoh4xJ65IkVR8eUU=
  dependencies:
    hoek "6.x.x"
    vise "3.x.x"

pez@4.x.x:
  version "4.0.5"
  resolved "http://registry.npm.taobao.org/pez/download/pez-4.0.5.tgz#a975c49deff330d298d82851b39f81c2710556df"
  integrity sha1-qXXEne/zMNKY2ChRs5+BwnEFVt8=
  dependencies:
    b64 "4.x.x"
    boom "7.x.x"
    content "4.x.x"
    hoek "6.x.x"
    nigel "3.x.x"

podium@3.x.x:
  version "3.2.0"
  resolved "http://registry.npm.taobao.org/podium/download/podium-3.2.0.tgz#2a7c579ddd5408f412d014c9ffac080c41d83477"
  integrity sha1-KnxXnd1UCPQS0BTJ/6wIDEHYNHc=
  dependencies:
    hoek "6.x.x"
    joi "14.x.x"

pseudomap@^1.0.2:
  version "1.0.2"
  resolved "http://registry.npm.taobao.org/pseudomap/download/pseudomap-1.0.2.tgz#f052a28da70e618917ef0a8ac34c1ae5a68286b3"
  integrity sha1-8FKijacOYYkX7wqKw0wa5aaChrM=

punycode@2.x.x:
  version "2.1.1"
  resolved "http://registry.npm.taobao.org/punycode/download/punycode-2.1.1.tgz#b58b010ac40c22c5657616c8d2c2c02c7bf479ec"
  integrity sha1-tYsBCsQMIsVldhbI0sLALHv0eew=

shot@4.x.x:
  version "4.0.7"
  resolved "http://registry.npm.taobao.org/shot/download/shot-4.0.7.tgz#b05d2858634fedc18ece99e8f638fab7c9f9d4c4"
  integrity sha1-sF0oWGNP7cGOzpno9jj6t8n51MQ=
  dependencies:
    hoek "6.x.x"
    joi "14.x.x"

somever@2.x.x:
  version "2.0.0"
  resolved "http://registry.npm.taobao.org/somever/download/somever-2.0.0.tgz#7bdbed3bee8ece2c7c8a2e7d9a1c022bd98d6c89"
  integrity sha1-e9vtO+6Ozix8ii59mhwCK9mNbIk=
  dependencies:
    bounce "1.x.x"
    hoek "6.x.x"

statehood@6.x.x:
  version "6.0.8"
  resolved "http://registry.npm.taobao.org/statehood/download/statehood-6.0.8.tgz#c8c3363694b207ab692d17ab5b48eebf47e13e10"
  integrity sha1-yMM2NpSyB6tpLRerW0juv0fhPhA=
  dependencies:
    boom "7.x.x"
    bounce "1.x.x"
    cryptiles "4.x.x"
    hoek "6.x.x"
    iron "5.x.x"
    joi "14.x.x"

subtext@6.x.x:
  version "6.0.11"
  resolved "http://registry.npm.taobao.org/subtext/download/subtext-6.0.11.tgz#430de749b06fc5005d208ffd2668b5c7a1ca27ac"
  integrity sha1-Qw3nSbBvxQBdII/9Jmi1x6HKJ6w=
  dependencies:
    boom "7.x.x"
    content "4.x.x"
    hoek "6.x.x"
    pez "4.x.x"
    wreck "14.x.x"

teamwork@3.x.x:
  version "3.0.3"
  resolved "http://registry.npm.taobao.org/teamwork/download/teamwork-3.0.3.tgz#0c08748efe00c32c1eaf1128ef7f07ba0c7cc4ea"
  integrity sha1-DAh0jv4AwywerxEo738Hugx8xOo=

topo@3.x.x:
  version "3.0.3"
  resolved "http://registry.npm.taobao.org/topo/download/topo-3.0.3.tgz#d5a67fb2e69307ebeeb08402ec2a2a6f5f7ad95c"
  integrity sha1-1aZ/suaTB+vusIQC7Coqb1962Vw=
  dependencies:
    hoek "6.x.x"

vise@3.x.x:
  version "3.0.2"
  resolved "http://registry.npm.taobao.org/vise/download/vise-3.0.2.tgz#9a8b7450f783aa776faa327fe47d7bfddb227266"
  integrity sha1-mot0UPeDqndvqjJ/5H17/dsicmY=
  dependencies:
    hoek "6.x.x"

wreck@14.x.x:
  version "14.1.3"
  resolved "http://registry.npm.taobao.org/wreck/download/wreck-14.1.3.tgz#d4db8258b38a568c363ef7d23034c4db598a9213"
  integrity sha1-1NuCWLOKVow2PvfSMDTE21mKkhM=
  dependencies:
    boom "7.x.x"
    hoek "6.x.x"

yallist@^2.1.2:
  version "2.1.2"
  resolved "http://registry.npm.taobao.org/yallist/download/yallist-2.1.2.tgz#1c11f9218f076089a47dd512f93c6699a6a81d52"
  integrity sha1-HBH5IY8HYImkfdUS+TxmmaaoHVI=
